// !$*UTF8*$!
{
	archiveVersion = 1;
	classes = {
	};
	objectVersion = 46;
	objects = {

/* Begin PBXBuildFile section */
		4C3286801B5E4463006ACD6F /* GPMenuCell.swift in Sources */ = {isa = PBXBuildFile; fileRef = 4C32867F1B5E4463006ACD6F /* GPMenuCell.swift */; };
		4C51A4C81BA979580047FCFC /* GPUplataRacunaViewController.swift in Sources */ = {isa = PBXBuildFile; fileRef = 4C51A4C71BA979580047FCFC /* GPUplataRacunaViewController.swift */; };
		4C770B581B9A54840026ADD6 /* GPUplataParkingaViewController.swift in Sources */ = {isa = PBXBuildFile; fileRef = 4C770B571B9A54840026ADD6 /* GPUplataParkingaViewController.swift */; };
		4C770B5A1B9A59FD0026ADD6 /* UIButton+Helpers.swift in Sources */ = {isa = PBXBuildFile; fileRef = 4C770B591B9A59FD0026ADD6 /* UIButton+Helpers.swift */; };
		4CE252FF1B5F9D0A00794161 /* GPRegistrationViewController.swift in Sources */ = {isa = PBXBuildFile; fileRef = 4CE252FE1B5F9D0A00794161 /* GPRegistrationViewController.swift */; };
		4CF715931B5BFA5E00D08E3B /* AppDelegate.swift in Sources */ = {isa = PBXBuildFile; fileRef = 4CF715921B5BFA5E00D08E3B /* AppDelegate.swift */; };
		4CF715961B5BFA5E00D08E3B /* NaplataParkinga.xcdatamodeld in Sources */ = {isa = PBXBuildFile; fileRef = 4CF715941B5BFA5E00D08E3B /* NaplataParkinga.xcdatamodeld */; };
		4CF715981B5BFA5E00D08E3B /* ViewController.swift in Sources */ = {isa = PBXBuildFile; fileRef = 4CF715971B5BFA5E00D08E3B /* ViewController.swift */; };
		4CF7159B1B5BFA5E00D08E3B /* Main.storyboard in Resources */ = {isa = PBXBuildFile; fileRef = 4CF715991B5BFA5E00D08E3B /* Main.storyboard */; };
		4CF7159D1B5BFA5E00D08E3B /* Images.xcassets in Resources */ = {isa = PBXBuildFile; fileRef = 4CF7159C1B5BFA5E00D08E3B /* Images.xcassets */; };
		4CF715A01B5BFA5E00D08E3B /* LaunchScreen.xib in Resources */ = {isa = PBXBuildFile; fileRef = 4CF7159E1B5BFA5E00D08E3B /* LaunchScreen.xib */; };
		4CF715AC1B5BFA5F00D08E3B /* NaplataParkingaTests.swift in Sources */ = {isa = PBXBuildFile; fileRef = 4CF715AB1B5BFA5F00D08E3B /* NaplataParkingaTests.swift */; };
		4CF715B61B5C5E4C00D08E3B /* GPMenuViewController.swift in Sources */ = {isa = PBXBuildFile; fileRef = 4CF715B51B5C5E4C00D08E3B /* GPMenuViewController.swift */; };
		4CF715BC1B5C60DF00D08E3B /* GPUser.swift in Sources */ = {isa = PBXBuildFile; fileRef = 4CF715BB1B5C60DF00D08E3B /* GPUser.swift */; };
/* End PBXBuildFile section */

/* Begin PBXContainerItemProxy section */
		4CF715A61B5BFA5F00D08E3B /* PBXContainerItemProxy */ = {
			isa = PBXContainerItemProxy;
			containerPortal = 4CF715851B5BFA5E00D08E3B /* Project object */;
			proxyType = 1;
			remoteGlobalIDString = 4CF7158C1B5BFA5E00D08E3B;
			remoteInfo = NaplataParkinga;
		};
/* End PBXContainerItemProxy section */

/* Begin PBXFileReference section */
		4C32867F1B5E4463006ACD6F /* GPMenuCell.swift */ = {isa = PBXFileReference; fileEncoding = 4; lastKnownFileType = sourcecode.swift; path = GPMenuCell.swift; sourceTree = "<group>"; };
		4C51A4C71BA979580047FCFC /* GPUplataRacunaViewController.swift */ = {isa = PBXFileReference; fileEncoding = 4; lastKnownFileType = sourcecode.swift; path = GPUplataRacunaViewController.swift; sourceTree = "<group>"; };
		4C770B571B9A54840026ADD6 /* GPUplataParkingaViewController.swift */ = {isa = PBXFileReference; fileEncoding = 4; lastKnownFileType = sourcecode.swift; path = GPUplataParkingaViewController.swift; sourceTree = "<group>"; };
		4C770B591B9A59FD0026ADD6 /* UIButton+Helpers.swift */ = {isa = PBXFileReference; fileEncoding = 4; lastKnownFileType = sourcecode.swift; path = "UIButton+Helpers.swift"; sourceTree = "<group>"; };
		4CE252FE1B5F9D0A00794161 /* GPRegistrationViewController.swift */ = {isa = PBXFileReference; fileEncoding = 4; lastKnownFileType = sourcecode.swift; path = GPRegistrationViewController.swift; sourceTree = "<group>"; };
		4CF7158D1B5BFA5E00D08E3B /* NaplataParkinga.app */ = {isa = PBXFileReference; explicitFileType = wrapper.application; includeInIndex = 0; path = NaplataParkinga.app; sourceTree = BUILT_PRODUCTS_DIR; };
		4CF715911B5BFA5E00D08E3B /* Info.plist */ = {isa = PBXFileReference; lastKnownFileType = text.plist.xml; path = Info.plist; sourceTree = "<group>"; };
		4CF715921B5BFA5E00D08E3B /* AppDelegate.swift */ = {isa = PBXFileReference; lastKnownFileType = sourcecode.swift; path = AppDelegate.swift; sourceTree = "<group>"; };
		4CF715951B5BFA5E00D08E3B /* NaplataParkinga.xcdatamodel */ = {isa = PBXFileReference; lastKnownFileType = wrapper.xcdatamodel; path = NaplataParkinga.xcdatamodel; sourceTree = "<group>"; };
		4CF715971B5BFA5E00D08E3B /* ViewController.swift */ = {isa = PBXFileReference; lastKnownFileType = sourcecode.swift; path = ViewController.swift; sourceTree = "<group>"; };
		4CF7159A1B5BFA5E00D08E3B /* Base */ = {isa = PBXFileReference; lastKnownFileType = file.storyboard; name = Base; path = Base.lproj/Main.storyboard; sourceTree = "<group>"; };
		4CF7159C1B5BFA5E00D08E3B /* Images.xcassets */ = {isa = PBXFileReference; lastKnownFileType = folder.assetcatalog; path = Images.xcassets; sourceTree = "<group>"; };
		4CF7159F1B5BFA5E00D08E3B /* Base */ = {isa = PBXFileReference; lastKnownFileType = file.xib; name = Base; path = Base.lproj/LaunchScreen.xib; sourceTree = "<group>"; };
		4CF715A51B5BFA5F00D08E3B /* NaplataParkingaTests.xctest */ = {isa = PBXFileReference; explicitFileType = wrapper.cfbundle; includeInIndex = 0; path = NaplataParkingaTests.xctest; sourceTree = BUILT_PRODUCTS_DIR; };
		4CF715AA1B5BFA5F00D08E3B /* Info.plist */ = {isa = PBXFileReference; lastKnownFileType = text.plist.xml; path = Info.plist; sourceTree = "<group>"; };
		4CF715AB1B5BFA5F00D08E3B /* NaplataParkingaTests.swift */ = {isa = PBXFileReference; lastKnownFileType = sourcecode.swift; path = NaplataParkingaTests.swift; sourceTree = "<group>"; };
		4CF715B51B5C5E4C00D08E3B /* GPMenuViewController.swift */ = {isa = PBXFileReference; fileEncoding = 4; lastKnownFileType = sourcecode.swift; path = GPMenuViewController.swift; sourceTree = "<group>"; };
		4CF715BB1B5C60DF00D08E3B /* GPUser.swift */ = {isa = PBXFileReference; fileEncoding = 4; lastKnownFileType = sourcecode.swift; name = GPUser.swift; path = Entities/GPUser.swift; sourceTree = "<group>"; };
/* End PBXFileReference section */

/* Begin PBXFrameworksBuildPhase section */
		4CF7158A1B5BFA5E00D08E3B /* Frameworks */ = {
			isa = PBXFrameworksBuildPhase;
			buildActionMask = 2147483647;
			files = (
			);
			runOnlyForDeploymentPostprocessing = 0;
		};
		4CF715A21B5BFA5F00D08E3B /* Frameworks */ = {
			isa = PBXFrameworksBuildPhase;
			buildActionMask = 2147483647;
			files = (
			);
			runOnlyForDeploymentPostprocessing = 0;
		};
/* End PBXFrameworksBuildPhase section */

/* Begin PBXGroup section */
		4C32867E1B5E3B5F006ACD6F /* View Controller */ = {
			isa = PBXGroup;
			children = (
				4CF715971B5BFA5E00D08E3B /* ViewController.swift */,
				4CF715B51B5C5E4C00D08E3B /* GPMenuViewController.swift */,
				4CE252FE1B5F9D0A00794161 /* GPRegistrationViewController.swift */,
				4C770B571B9A54840026ADD6 /* GPUplataParkingaViewController.swift */,
				4C51A4C71BA979580047FCFC /* GPUplataRacunaViewController.swift */,
			);
			name = "View Controller";
			sourceTree = "<group>";
		};
		4CF715841B5BFA5E00D08E3B = {
			isa = PBXGroup;
			children = (
				4CF7158F1B5BFA5E00D08E3B /* NaplataParkinga */,
				4CF715A81B5BFA5F00D08E3B /* NaplataParkingaTests */,
				4CF7158E1B5BFA5E00D08E3B /* Products */,
			);
			sourceTree = "<group>";
		};
		4CF7158E1B5BFA5E00D08E3B /* Products */ = {
			isa = PBXGroup;
			children = (
				4CF7158D1B5BFA5E00D08E3B /* NaplataParkinga.app */,
				4CF715A51B5BFA5F00D08E3B /* NaplataParkingaTests.xctest */,
			);
			name = Products;
			sourceTree = "<group>";
		};
		4CF7158F1B5BFA5E00D08E3B /* NaplataParkinga */ = {
			isa = PBXGroup;
			children = (
				4CF7159E1B5BFA5E00D08E3B /* LaunchScreen.xib */,
				4CF715991B5BFA5E00D08E3B /* Main.storyboard */,
				4CF7159C1B5BFA5E00D08E3B /* Images.xcassets */,
				4CF715941B5BFA5E00D08E3B /* NaplataParkinga.xcdatamodeld */,
				4CF715921B5BFA5E00D08E3B /* AppDelegate.swift */,
				4C32867E1B5E3B5F006ACD6F /* View Controller */,
				4CF715901B5BFA5E00D08E3B /* Supporting Files */,
				4CF715BB1B5C60DF00D08E3B /* GPUser.swift */,
				4C32867F1B5E4463006ACD6F /* GPMenuCell.swift */,
				4C770B591B9A59FD0026ADD6 /* UIButton+Helpers.swift */,
			);
			path = NaplataParkinga;
			sourceTree = "<group>";
		};
		4CF715901B5BFA5E00D08E3B /* Supporting Files */ = {
			isa = PBXGroup;
			children = (
				4CF715911B5BFA5E00D08E3B /* Info.plist */,
			);
			name = "Supporting Files";
			sourceTree = "<group>";
		};
		4CF715A81B5BFA5F00D08E3B /* NaplataParkingaTests */ = {
			isa = PBXGroup;
			children = (
				4CF715AB1B5BFA5F00D08E3B /* NaplataParkingaTests.swift */,
				4CF715A91B5BFA5F00D08E3B /* Supporting Files */,
			);
			path = NaplataParkingaTests;
			sourceTree = "<group>";
		};
		4CF715A91B5BFA5F00D08E3B /* Supporting Files */ = {
			isa = PBXGroup;
			children = (
				4CF715AA1B5BFA5F00D08E3B /* Info.plist */,
			);
			name = "Supporting Files";
			sourceTree = "<group>";
		};
/* End PBXGroup section */

/* Begin PBXNativeTarget section */
		4CF7158C1B5BFA5E00D08E3B /* NaplataParkinga */ = {
			isa = PBXNativeTarget;
			buildConfigurationList = 4CF715AF1B5BFA5F00D08E3B /* Build configuration list for PBXNativeTarget "NaplataParkinga" */;
			buildPhases = (
				4CF715891B5BFA5E00D08E3B /* Sources */,
				4CF7158A1B5BFA5E00D08E3B /* Frameworks */,
				4CF7158B1B5BFA5E00D08E3B /* Resources */,
			);
			buildRules = (
			);
			dependencies = (
			);
			name = NaplataParkinga;
			productName = NaplataParkinga;
			productReference = 4CF7158D1B5BFA5E00D08E3B /* NaplataParkinga.app */;
			productType = "com.apple.product-type.application";
		};
		4CF715A41B5BFA5F00D08E3B /* NaplataParkingaTests */ = {
			isa = PBXNativeTarget;
			buildConfigurationList = 4CF715B21B5BFA5F00D08E3B /* Build configuration list for PBXNativeTarget "NaplataParkingaTests" */;
			buildPhases = (
				4CF715A11B5BFA5F00D08E3B /* Sources */,
				4CF715A21B5BFA5F00D08E3B /* Frameworks */,
				4CF715A31B5BFA5F00D08E3B /* Resources */,
			);
			buildRules = (
			);
			dependencies = (
				4CF715A71B5BFA5F00D08E3B /* PBXTargetDependency */,
			);
			name = NaplataParkingaTests;
			productName = NaplataParkingaTests;
			productReference = 4CF715A51B5BFA5F00D08E3B /* NaplataParkingaTests.xctest */;
			productType = "com.apple.product-type.bundle.unit-test";
		};
/* End PBXNativeTarget section */

/* Begin PBXProject section */
		4CF715851B5BFA5E00D08E3B /* Project object */ = {
			isa = PBXProject;
			attributes = {
				LastUpgradeCheck = 0640;
				ORGANIZATIONNAME = "Goran Pejic";
				TargetAttributes = {
					4CF7158C1B5BFA5E00D08E3B = {
						CreatedOnToolsVersion = 6.4;
					};
					4CF715A41B5BFA5F00D08E3B = {
						CreatedOnToolsVersion = 6.4;
						TestTargetID = 4CF7158C1B5BFA5E00D08E3B;
					};
				};
			};
			buildConfigurationList = 4CF715881B5BFA5E00D08E3B /* Build configuration list for PBXProject "NaplataParkinga" */;
			compatibilityVersion = "Xcode 3.2";
			developmentRegion = English;
			hasScannedForEncodings = 0;
			knownRegions = (
				en,
				Base,
			);
			mainGroup = 4CF715841B5BFA5E00D08E3B;
			productRefGroup = 4CF7158E1B5BFA5E00D08E3B /* Products */;
			projectDirPath = "";
			projectRoot = "";
			targets = (
				4CF7158C1B5BFA5E00D08E3B /* NaplataParkinga */,
				4CF715A41B5BFA5F00D08E3B /* NaplataParkingaTests */,
			);
		};
/* End PBXProject section */

/* Begin PBXResourcesBuildPhase section */
		4CF7158B1B5BFA5E00D08E3B /* Resources */ = {
			isa = PBXResourcesBuildPhase;
			buildActionMask = 2147483647;
			files = (
				4CF7159B1B5BFA5E00D08E3B /* Main.storyboard in Resources */,
				4CF715A01B5BFA5E00D08E3B /* LaunchScreen.xib in Resources */,
				4CF7159D1B5BFA5E00D08E3B /* Images.xcassets in Resources */,
			);
			runOnlyForDeploymentPostprocessing = 0;
		};
		4CF715A31B5BFA5F00D08E3B /* Resources */ = {
			isa = PBXResourcesBuildPhase;
			buildActionMask = 2147483647;
			files = (
			);
			runOnlyForDeploymentPostprocessing = 0;
		};
/* End PBXResourcesBuildPhase section */

/* Begin PBXSourcesBuildPhase section */
		4CF715891B5BFA5E00D08E3B /* Sources */ = {
			isa = PBXSourcesBuildPhase;
			buildActionMask = 2147483647;
			files = (
				4CF715B61B5C5E4C00D08E3B /* GPMenuViewController.swift in Sources */,
				4C770B581B9A54840026ADD6 /* GPUplataParkingaViewController.swift in Sources */,
				4CF715981B5BFA5E00D08E3B /* ViewController.swift in Sources */,
				4CF715961B5BFA5E00D08E3B /* NaplataParkinga.xcdatamodeld in Sources */,
				4C770B5A1B9A59FD0026ADD6 /* UIButton+Helpers.swift in Sources */,
				4CF715931B5BFA5E00D08E3B /* AppDelegate.swift in Sources */,
				4CE252FF1B5F9D0A00794161 /* GPRegistrationViewController.swift in Sources */,
				4CF715BC1B5C60DF00D08E3B /* GPUser.swift in Sources */,
				4C51A4C81BA979580047FCFC /* GPUplataRacunaViewController.swift in Sources */,
				4C3286801B5E4463006ACD6F /* GPMenuCell.swift in Sources */,
			);
			runOnlyForDeploymentPostprocessing = 0;
		};
		4CF715A11B5BFA5F00D08E3B /* Sources */ = {
			isa = PBXSourcesBuildPhase;
			buildActionMask = 2147483647;
			files = (
				4CF715AC1B5BFA5F00D08E3B /* NaplataParkingaTests.swift in Sources */,
			);
			runOnlyForDeploymentPostprocessing = 0;
		};
/* End PBXSourcesBuildPhase section */

/* Begin PBXTargetDependency section */
		4CF715A71B5BFA5F00D08E3B /* PBXTargetDependency */ = {
			isa = PBXTargetDependency;
			target = 4CF7158C1B5BFA5E00D08E3B /* NaplataParkinga */;
			targetProxy = 4CF715A61B5BFA5F00D08E3B /* PBXContainerItemProxy */;
		};
/* End PBXTargetDependency section */

/* Begin PBXVariantGroup section */
		4CF715991B5BFA5E00D08E3B /* Main.storyboard */ = {
			isa = PBXVariantGroup;
			children = (
				4CF7159A1B5BFA5E00D08E3B /* Base */,
			);
			name = Main.storyboard;
			sourceTree = "<group>";
		};
		4CF7159E1B5BFA5E00D08E3B /* LaunchScreen.xib */ = {
			isa = PBXVariantGroup;
			children = (
				4CF7159F1B5BFA5E00D08E3B /* Base */,
			);
			name = LaunchScreen.xib;
			sourceTree = "<group>";
		};
/* End PBXVariantGroup section */

/* Begin XCBuildConfiguration section */
		4CF715AD1B5BFA5F00D08E3B /* Debug */ = {
			isa = XCBuildConfiguration;
			buildSettings = {
				ALWAYS_SEARCH_USER_PATHS = NO;
				CLANG_CXX_LANGUAGE_STANDARD = "gnu++0x";
				CLANG_CXX_LIBRARY = "libc++";
				CLANG_ENABLE_MODULES = YES;
				CLANG_ENABLE_OBJC_ARC = YES;
				CLANG_WARN_BOOL_CONVERSION = YES;
				CLANG_WARN_CONSTANT_CONVERSION = YES;
				CLANG_WARN_DIRECT_OBJC_ISA_USAGE = YES_ERROR;
				CLANG_WARN_EMPTY_BODY = YES;
				CLANG_WARN_ENUM_CONVERSION = YES;
				CLANG_WARN_INT_CONVERSION = YES;
				CLANG_WARN_OBJC_ROOT_CLASS = YES_ERROR;
				CLANG_WARN_UNREACHABLE_CODE = YES;
				CLANG_WARN__DUPLICATE_METHOD_MATCH = YES;
				"CODE_SIGN_IDENTITY[sdk=iphoneos*]" = "iPhone Developer";
				COPY_PHASE_STRIP = NO;
				DEBUG_INFORMATION_FORMAT = "dwarf-with-dsym";
				ENABLE_STRICT_OBJC_MSGSEND = YES;
				GCC_C_LANGUAGE_STANDARD = gnu99;
				GCC_DYNAMIC_NO_PIC = NO;
				GCC_NO_COMMON_BLOCKS = YES;
				GCC_OPTIMIZATION_LEVEL = 0;
				GCC_PREPROCESSOR_DEFINITIONS = (
					"DEBUG=1",
					"$(inherited)",
				);
				GCC_SYMBOLS_PRIVATE_EXTERN = NO;
				GCC_WARN_64_TO_32_BIT_CONVERSION = YES;
				GCC_WARN_ABOUT_RETURN_TYPE = YES_ERROR;
				GCC_WARN_UNDECLARED_SELECTOR = YES;
				GCC_WARN_UNINITIALIZED_AUTOS = YES_AGGRESSIVE;
				GCC_WARN_UNUSED_FUNCTION = YES;
				GCC_WARN_UNUSED_VARIABLE = YES;
				IPHONEOS_DEPLOYMENT_TARGET = 8.4;
				MTL_ENABLE_DEBUG_INFO = YES;
				ONLY_ACTIVE_ARCH = YES;
				SDKROOT = iphoneos;
				SWIFT_OPTIMIZATION_LEVEL = "-Onone";
			};
			name = Debug;
		};
		4CF715AE1B5BFA5F00D08E3B /* Release */ = {
			isa = XCBuildConfiguration;
			buildSettings = {
				ALWAYS_SEARCH_USER_PATHS = NO;
				CLANG_CXX_LANGUAGE_STANDARD = "gnu++0x";
				CLANG_CXX_LIBRARY = "libc++";
				CLANG_ENABLE_MODULES = YES;
				CLANG_ENABLE_OBJC_ARC = YES;
				CLANG_WARN_BOOL_CONVERSION = YES;
				CLANG_WARN_CONSTANT_CONVERSION = YES;
				CLANG_WARN_DIRECT_OBJC_ISA_USAGE = YES_ERROR;
				CLANG_WARN_EMPTY_BODY = YES;
				CLANG_WARN_ENUM_CONVERSION = YES;
				CLANG_WARN_INT_CONVERSION = YES;
				CLANG_WARN_OBJC_ROOT_CLASS = YES_ERROR;
				CLANG_WARN_UNREACHABLE_CODE = YES;
				CLANG_WARN__DUPLICATE_METHOD_MATCH = YES;
				"CODE_SIGN_IDENTITY[sdk=iphoneos*]" = "iPhone Developer";
				COPY_PHASE_STRIP = NO;
				DEBUG_INFORMATION_FORMAT = "dwarf-with-dsym";
				ENABLE_NS_ASSERTIONS = NO;
				ENABLE_STRICT_OBJC_MSGSEND = YES;
				GCC_C_LANGUAGE_STANDARD = gnu99;
				GCC_NO_COMMON_BLOCKS = YES;
				GCC_WARN_64_TO_32_BIT_CONVERSION = YES;
				GCC_WARN_ABOUT_RETURN_TYPE = YES_ERROR;
				GCC_WARN_UNDECLARED_SELECTOR = YES;
				GCC_WARN_UNINITIALIZED_AUTOS = YES_AGGRESSIVE;
				GCC_WARN_UNUSED_FUNCTION = YES;
				GCC_WARN_UNUSED_VARIABLE = YES;
				IPHONEOS_DEPLOYMENT_TARGET = 8.4;
				MTL_ENABLE_DEBUG_INFO = NO;
				SDKROOT = iphoneos;
				VALIDATE_PRODUCT = YES;
			};
			name = Release;
		};
		4CF715B01B5BFA5F00D08E3B /* Debug */ = {
			isa = XCBuildConfiguration;
			buildSettings = {
				ASSETCATALOG_COMPILER_APPICON_NAME = AppIcon;
				INFOPLIST_FILE = NaplataParkinga/Info.plist;
				LD_RUNPATH_SEARCH_PATHS = "$(inherited) @executable_path/Frameworks";
				PRODUCT_NAME = "$(TARGET_NAME)";
			};
			name = Debug;
		};
		4CF715B11B5BFA5F00D08E3B /* Release */ = {
			isa = XCBuildConfiguration;
			buildSettings = {
				ASSETCATALOG_COMPILER_APPICON_NAME = AppIcon;
				INFOPLIST_FILE = NaplataParkinga/Info.plist;
				LD_RUNPATH_SEARCH_PATHS = "$(inherited) @executable_path/Frameworks";
				PRODUCT_NAME = "$(TARGET_NAME)";
			};
			name = Release;
		};
		4CF715B31B5BFA5F00D08E3B /* Debug */ = {
			isa = XCBuildConfiguration;
			buildSettings = {
				BUNDLE_LOADER = "$(TEST_HOST)";
				FRAMEWORK_SEARCH_PATHS = (
					"$(SDKROOT)/Developer/Library/Frameworks",
					"$(inherited)",
				);
				GCC_PREPROCESSOR_DEFINITIONS = (
					"DEBUG=1",
					"$(inherited)",
				);
				INFOPLIST_FILE = NaplataParkingaTests/Info.plist;
				LD_RUNPATH_SEARCH_PATHS = "$(inherited) @executable_path/Frameworks @loader_path/Frameworks";
				PRODUCT_NAME = "$(TARGET_NAME)";
				TEST_HOST = "$(BUILT_PRODUCTS_DIR)/NaplataParkinga.app/NaplataParkinga";
			};
			name = Debug;
		};
		4CF715B41B5BFA5F00D08E3B /* Release */ = {
			isa = XCBuildConfiguration;
			buildSettings = {
				BUNDLE_LOADER = "$(TEST_HOST)";
				FRAMEWORK_SEARCH_PATHS = (
					"$(SDKROOT)/Developer/Library/Frameworks",
					"$(inherited)",
				);
				INFOPLIST_FILE = NaplataParkingaTests/Info.plist;
				LD_RUNPATH_SEARCH_PATHS = "$(inherited) @executable_path/Frameworks @loader_path/Frameworks";
				PRODUCT_NAME = "$(TARGET_NAME)";
				TEST_HOST = "$(BUILT_PRODUCTS_DIR)/NaplataParkinga.app/NaplataParkinga";
			};
			name = Release;
		};
/* End XCBuildConfiguration section */

/* Begin XCConfigurationList section */
		4CF715881B5BFA5E00D08E3B /* Build configuration list for PBXProject "NaplataParkinga" */ = {
			isa = XCConfigurationList;
			buildConfigurations = (
				4CF715AD1B5BFA5F00D08E3B /* Debug */,
				4CF715AE1B5BFA5F00D08E3B /* Release */,
			);
			defaultConfigurationIsVisible = 0;
			defaultConfigurationName = Release;
		};
		4CF715AF1B5BFA5F00D08E3B /* Build configuration list for PBXNativeTarget "NaplataParkinga" */ = {
			isa = XCConfigurationList;
			buildConfigurations = (
				4CF715B01B5BFA5F00D08E3B /* Debug */,
				4CF715B11B5BFA5F00D08E3B /* Release */,
			);
			defaultConfigurationIsVisible = 0;
			defaultConfigurationName = Release;
		};
		4CF715B21B5BFA5F00D08E3B /* Build configuration list for PBXNativeTarget "NaplataParkingaTests" */ = {
			isa = XCConfigurationList;
			buildConfigurations = (
				4CF715B31B5BFA5F00D08E3B /* Debug */,
				4CF715B41B5BFA5F00D08E3B /* Release */,
			);
			defaultConfigurationIsVisible = 0;
			defaultConfigurationName = Release;
		};
/* End XCConfigurationList section */

/* Begin XCVersionGroup section */
		4CF715941B5BFA5E00D08E3B /* NaplataParkinga.xcdatamodeld */ = {
			isa = XCVersionGroup;
			children = (
				4CF715951B5BFA5E00D08E3B /* NaplataParkinga.xcdatamodel */,
			);
			currentVersion = 4CF715951B5BFA5E00D08E3B /* NaplataParkinga.xcdatamodel */;
			path = NaplataParkinga.xcdatamodeld;
			sourceTree = "<group>";
			versionGroupType = wrapper.xcdatamodel;
		};
/* End XCVersionGroup section */
	};
	rootObject = 4CF715851B5BFA5E00D08E3B /* Project object */;
}
